
Microsoft Visual Studio Solution File, Format Version 12.00
# Visual Studio Version 17
VisualStudioVersion = 17.3.32901.215
MinimumVisualStudioVersion = 10.0.40219.1
Project("{FAE04EC0-301F-11D3-BF4B-00C04F79EFBC}") = "Snake", "Snake\Snake.csproj", "{830BC476-3817-45C8-B55F-3DE7D0AA35E4}"
EndProject
Global
	GlobalSection(SolutionConfigurationPlatforms) = preSolution
		Debug|Any CPU = Debug|Any CPU
		Release|Any CPU = Release|Any CPU
	EndGlobalSection
	GlobalSection(ProjectConfigurationPlatforms) = postSolution
		{830BC476-3817-45C8-B55F-3DE7D0AA35E4}.Debug|Any CPU.ActiveCfg = Debug|Any CPU
		{830BC476-3817-45C8-B55F-3DE7D0AA35E4}.Debug|Any CPU.Build.0 = Debug|Any CPU
		{830BC476-3817-45C8-B55F-3DE7D0AA35E4}.Release|Any CPU.ActiveCfg = Release|Any CPU
		{830BC476-3817-45C8-B55F-3DE7D0AA35E4}.Release|Any CPU.Build.0 = Release|Any CPU
	EndGlobalSection
	GlobalSection(SolutionProperties) = preSolution
		HideSolutionNode = FALSE
	EndGlobalSection
	GlobalSection(ExtensibilityGlobals) = postSolution
		SolutionGuid = {656E43DD-2A6D-447B-AEF4-78D95454B7CC}
	EndGlobalSection
EndGlobal
